# THIS IS AN AUTOGENERATED FILE. DO NOT EDIT THIS FILE DIRECTLY.
# yarn lockfile v1


cz-git@^1.9.2:
  version "1.9.2"
  resolved "https://registry.npmmirror.com/cz-git/-/cz-git-1.9.2.tgz#b5fff2bb47dad17c09a478e2eaf47697d3095ae0"
  integrity sha512-HqwSIZBl/Vtlq56wsHuQHhQ0CF7rABEvhvbSAaGViLeM5YucLu5o+U2XLow1Y2bwIAfAIKZHfgg9fxP7P3XU3Q==
